
Microsoft Visual Studio Solution File, Format Version 12.00
# Visual Studio 15
VisualStudioVersion = 15.0.27004.2002
MinimumVisualStudioVersion = 10.0.40219.1
Project("{FAE04EC0-301F-11D3-BF4B-00C04F79EFBC}") = "CxjText", "CxjText\CxjText.csproj", "{653F0713-533A-4024-99D0-FCFE8DBE88AE}"
EndProject
Global
	GlobalSection(SolutionConfigurationPlatforms) = preSolution
		Debug|Any CPU = Debug|Any CPU
		Release|Any CPU = Release|Any CPU
	EndGlobalSection
	GlobalSection(ProjectConfigurationPlatforms) = postSolution
		{653F0713-533A-4024-99D0-FCFE8DBE88AE}.Debug|Any CPU.ActiveCfg = Debug|Any CPU
		{653F0713-533A-4024-99D0-FCFE8DBE88AE}.Debug|Any CPU.Build.0 = Debug|Any CPU
		{653F0713-533A-4024-99D0-FCFE8DBE88AE}.Release|Any CPU.ActiveCfg = Release|Any CPU
		{653F0713-533A-4024-99D0-FCFE8DBE88AE}.Release|Any CPU.Build.0 = Release|Any CPU
	EndGlobalSection
	GlobalSection(SolutionProperties) = preSolution
		HideSolutionNode = FALSE
	EndGlobalSection
	GlobalSection(ExtensibilityGlobals) = postSolution
		SolutionGuid = {B1D9C153-3F18-495C-8A66-84C057F8F0CC}
	EndGlobalSection
EndGlobal
